
Microsoft Visual Studio Solution File, Format Version 12.00
# Visual Studio Version 16
VisualStudioVersion = 16.0.29306.81
MinimumVisualStudioVersion = 10.0.40219.1
Project("{9A19103F-16F7-4668-BE54-9A1E7A4F7556}") = "GameXmlReader", "GameXmlReader.csproj", "{435FF8FC-6486-49EC-B4B5-63A25B1E49FD}"
EndProject
Project("{9A19103F-16F7-4668-BE54-9A1E7A4F7556}") = "GameXmlReaderTests", "..\GameXmlReaderTests\GameXmlReaderTests.csproj", "{DBCB77DC-245D-47EE-8734-44D738FAE337}"
EndProject
Global
	GlobalSection(SolutionConfigurationPlatforms) = preSolution
		Debug|Any CPU = Debug|Any CPU
		Release|Any CPU = Release|Any CPU
	EndGlobalSection
	GlobalSection(ProjectConfigurationPlatforms) = postSolution
		{435FF8FC-6486-49EC-B4B5-63A25B1E49FD}.Debug|Any CPU.ActiveCfg = Debug|Any CPU
		{435FF8FC-6486-49EC-B4B5-63A25B1E49FD}.Debug|Any CPU.Build.0 = Debug|Any CPU
		{435FF8FC-6486-49EC-B4B5-63A25B1E49FD}.Release|Any CPU.ActiveCfg = Release|Any CPU
		{435FF8FC-6486-49EC-B4B5-63A25B1E49FD}.Release|Any CPU.Build.0 = Release|Any CPU
		{DBCB77DC-245D-47EE-8734-44D738FAE337}.Debug|Any CPU.ActiveCfg = Debug|Any CPU
		{DBCB77DC-245D-47EE-8734-44D738FAE337}.Debug|Any CPU.Build.0 = Debug|Any CPU
		{DBCB77DC-245D-47EE-8734-44D738FAE337}.Release|Any CPU.ActiveCfg = Release|Any CPU
		{DBCB77DC-245D-47EE-8734-44D738FAE337}.Release|Any CPU.Build.0 = Release|Any CPU
	EndGlobalSection
	GlobalSection(SolutionProperties) = preSolution
		HideSolutionNode = FALSE
	EndGlobalSection
	GlobalSection(ExtensibilityGlobals) = postSolution
		SolutionGuid = {1EE2DC7E-D074-433F-9BE4-1E0F7B0F4841}
	EndGlobalSection
EndGlobal
